// !$*UTF8*$!
{
	archiveVersion = 1;
	classes = {
	};
	objectVersion = 48;
	objects = {

/* Begin PBXBuildFile section */
		3FDBB5AB2015C8F500484FAC /* AppDelegate.m in Sources */ = {isa = PBXBuildFile; fileRef = 3FDBB5AA2015C8F500484FAC /* AppDelegate.m */; };
		3FDBB5AE2015C8F500484FAC /* ViewController.m in Sources */ = {isa = PBXBuildFile; fileRef = 3FDBB5AD2015C8F500484FAC /* ViewController.m */; };
		3FDBB5B12015C8F500484FAC /* Main.storyboard in Resources */ = {isa = PBXBuildFile; fileRef = 3FDBB5AF2015C8F500484FAC /* Main.storyboard */; };
		3FDBB5B32015C8F500484FAC /* Assets.xcassets in Resources */ = {isa = PBXBuildFile; fileRef = 3FDBB5B22015C8F500484FAC /* Assets.xcassets */; };
		3FDBB5B62015C8F500484FAC /* LaunchScreen.storyboard in Resources */ = {isa = PBXBuildFile; fileRef = 3FDBB5B42015C8F500484FAC /* LaunchScreen.storyboard */; };
		3FDBB5B92015C8F500484FAC /* main.m in Sources */ = {isa = PBXBuildFile; fileRef = 3FDBB5B82015C8F500484FAC /* main.m */; };
/* End PBXBuildFile section */

/* Begin PBXFileReference section */
		3FDBB5A62015C8F500484FAC /* ANYPlayer.app */ = {isa = PBXFileReference; explicitFileType = wrapper.application; includeInIndex = 0; path = ANYPlayer.app; sourceTree = BUILT_PRODUCTS_DIR; };
		3FDBB5A92015C8F500484FAC /* AppDelegate.h */ = {isa = PBXFileReference; lastKnownFileType = sourcecode.c.h; path = AppDelegate.h; sourceTree = "<group>"; };
		3FDBB5AA2015C8F500484FAC /* AppDelegate.m */ = {isa = PBXFileReference; lastKnownFileType = sourcecode.c.objc; path = AppDelegate.m; sourceTree = "<group>"; };
		3FDBB5AC2015C8F500484FAC /* ViewController.h */ = {isa = PBXFileReference; lastKnownFileType = sourcecode.c.h; path = ViewController.h; sourceTree = "<group>"; };
		3FDBB5AD2015C8F500484FAC /* ViewController.m */ = {isa = PBXFileReference; lastKnownFileType = sourcecode.c.objc; path = ViewController.m; sourceTree = "<group>"; };
		3FDBB5B02015C8F500484FAC /* Base */ = {isa = PBXFileReference; lastKnownFileType = file.storyboard; name = Base; path = Base.lproj/Main.storyboard; sourceTree = "<group>"; };
		3FDBB5B22015C8F500484FAC /* Assets.xcassets */ = {isa = PBXFileReference; lastKnownFileType = folder.assetcatalog; path = Assets.xcassets; sourceTree = "<group>"; };
		3FDBB5B52015C8F500484FAC /* Base */ = {isa = PBXFileReference; lastKnownFileType = file.storyboard; name = Base; path = Base.lproj/LaunchScreen.storyboard; sourceTree = "<group>"; };
		3FDBB5B72015C8F500484FAC /* Info.plist */ = {isa = PBXFileReference; lastKnownFileType = text.plist.xml; path = Info.plist; sourceTree = "<group>"; };
		3FDBB5B82015C8F500484FAC /* main.m */ = {isa = PBXFileReference; lastKnownFileType = sourcecode.c.objc; path = main.m; sourceTree = "<group>"; };
/* End PBXFileReference section */

/* Begin PBXFrameworksBuildPhase section */
		3FDBB5A32015C8F500484FAC /* Frameworks */ = {
			isa = PBXFrameworksBuildPhase;
			buildActionMask = 2147483647;
			files = (
			);
			runOnlyForDeploymentPostprocessing = 0;
		};
/* End PBXFrameworksBuildPhase section */

/* Begin PBXGroup section */
		3FDBB59D2015C8F500484FAC = {
			isa = PBXGroup;
			children = (
				3FDBB5A82015C8F500484FAC /* ANYPlayer */,
				3FDBB5A72015C8F500484FAC /* Products */,
			);
			sourceTree = "<group>";
		};
		3FDBB5A72015C8F500484FAC /* Products */ = {
			isa = PBXGroup;
			children = (
				3FDBB5A62015C8F500484FAC /* ANYPlayer.app */,
			);
			name = Products;
			sourceTree = "<group>";
		};
		3FDBB5A82015C8F500484FAC /* ANYPlayer */ = {
			isa = PBXGroup;
			children = (
				3FDBB5A92015C8F500484FAC /* AppDelegate.h */,
				3FDBB5AA2015C8F500484FAC /* AppDelegate.m */,
				3FDBB5AC2015C8F500484FAC /* ViewController.h */,
				3FDBB5AD2015C8F500484FAC /* ViewController.m */,
				3FDBB5AF2015C8F500484FAC /* Main.storyboard */,
				3FDBB5B22015C8F500484FAC /* Assets.xcassets */,
				3FDBB5B42015C8F500484FAC /* LaunchScreen.storyboard */,
				3FDBB5B72015C8F500484FAC /* Info.plist */,
				3FDBB5B82015C8F500484FAC /* main.m */,
			);
			path = ANYPlayer;
			sourceTree = "<group>";
		};
/* End PBXGroup section */

/* Begin PBXNativeTarget section */
		3FDBB5A52015C8F500484FAC /* ANYPlayer */ = {
			isa = PBXNativeTarget;
			buildConfigurationList = 3FDBB5BC2015C8F500484FAC /* Build configuration list for PBXNativeTarget "ANYPlayer" */;
			buildPhases = (
				3FDBB5A22015C8F500484FAC /* Sources */,
				3FDBB5A32015C8F500484FAC /* Frameworks */,
				3FDBB5A42015C8F500484FAC /* Resources */,
			);
			buildRules = (
			);
			dependencies = (
			);
			name = ANYPlayer;
			productName = ANYPlayer;
			productReference = 3FDBB5A62015C8F500484FAC /* ANYPlayer.app */;
			productType = "com.apple.product-type.application";
		};
/* End PBXNativeTarget section */

/* Begin PBXProject section */
		3FDBB59E2015C8F500484FAC /* Project object */ = {
			isa = PBXProject;
			attributes = {
				LastUpgradeCheck = 0920;
				ORGANIZATIONNAME = Anyhong;
				TargetAttributes = {
					3FDBB5A52015C8F500484FAC = {
						CreatedOnToolsVersion = 9.2;
						ProvisioningStyle = Automatic;
					};
				};
			};
			buildConfigurationList = 3FDBB5A12015C8F500484FAC /* Build configuration list for PBXProject "ANYPlayer" */;
			compatibilityVersion = "Xcode 8.0";
			developmentRegion = en;
			hasScannedForEncodings = 0;
			knownRegions = (
				en,
				Base,
			);
			mainGroup = 3FDBB59D2015C8F500484FAC;
			productRefGroup = 3FDBB5A72015C8F500484FAC /* Products */;
			projectDirPath = "";
			projectRoot = "";
			targets = (
				3FDBB5A52015C8F500484FAC /* ANYPlayer */,
			);
		};
/* End PBXProject section */

/* Begin PBXResourcesBuildPhase section */
		3FDBB5A42015C8F500484FAC /* Resources */ = {
			isa = PBXResourcesBuildPhase;
			buildActionMask = 2147483647;
			files = (
				3FDBB5B62015C8F500484FAC /* LaunchScreen.storyboard in Resources */,
				3FDBB5B32015C8F500484FAC /* Assets.xcassets in Resources */,
				3FDBB5B12015C8F500484FAC /* Main.storyboard in Resources */,
			);
			runOnlyForDeploymentPostprocessing = 0;
		};
/* End PBXResourcesBuildPhase section */

/* Begin PBXSourcesBuildPhase section */
		3FDBB5A22015C8F500484FAC /* Sources */ = {
			isa = PBXSourcesBuildPhase;
			buildActionMask = 2147483647;
			files = (
				3FDBB5AE2015C8F500484FAC /* ViewController.m in Sources */,
				3FDBB5B92015C8F500484FAC /* main.m in Sources */,
				3FDBB5AB2015C8F500484FAC /* AppDelegate.m in Sources */,
			);
			runOnlyForDeploymentPostprocessing = 0;
		};
/* End PBXSourcesBuildPhase section */

/* Begin PBXVariantGroup section */
		3FDBB5AF2015C8F500484FAC /* Main.storyboard */ = {
			isa = PBXVariantGroup;
			children = (
				3FDBB5B02015C8F500484FAC /* Base */,
			);
			name = Main.storyboard;
			sourceTree = "<group>";
		};
		3FDBB5B42015C8F500484FAC /* LaunchScreen.storyboard */ = {
			isa = PBXVariantGroup;
			children = (
				3FDBB5B52015C8F500484FAC /* Base */,
			);
			name = LaunchScreen.storyboard;
			sourceTree = "<group>";
		};
/* End PBXVariantGroup section */

/* Begin XCBuildConfiguration section */
		3FDBB5BA2015C8F500484FAC /* Debug */ = {
			isa = XCBuildConfiguration;
			buildSettings = {
				ALWAYS_SEARCH_USER_PATHS = NO;
				CLANG_ANALYZER_NONNULL = YES;
				CLANG_ANALYZER_NUMBER_OBJECT_CONVERSION = YES_AGGRESSIVE;
				CLANG_CXX_LANGUAGE_STANDARD = "gnu++14";
				CLANG_CXX_LIBRARY = "libc++";
				CLANG_ENABLE_MODULES = YES;
				CLANG_ENABLE_OBJC_ARC = YES;
				CLANG_WARN_BLOCK_CAPTURE_AUTORELEASING = YES;
				CLANG_WARN_BOOL_CONVERSION = YES;
				CLANG_WARN_COMMA = YES;
				CLANG_WARN_CONSTANT_CONVERSION = YES;
				CLANG_WARN_DIRECT_OBJC_ISA_USAGE = YES_ERROR;
				CLANG_WARN_DOCUMENTATION_COMMENTS = YES;
				CLANG_WARN_EMPTY_BODY = YES;
				CLANG_WARN_ENUM_CONVERSION = YES;
				CLANG_WARN_INFINITE_RECURSION = YES;
				CLANG_WARN_INT_CONVERSION = YES;
				CLANG_WARN_NON_LITERAL_NULL_CONVERSION = YES;
				CLANG_WARN_OBJC_LITERAL_CONVERSION = YES;
				CLANG_WARN_OBJC_ROOT_CLASS = YES_ERROR;
				CLANG_WARN_RANGE_LOOP_ANALYSIS = YES;
				CLANG_WARN_STRICT_PROTOTYPES = YES;
				CLANG_WARN_SUSPICIOUS_MOVE = YES;
				CLANG_WARN_UNGUARDED_AVAILABILITY = YES_AGGRESSIVE;
				CLANG_WARN_UNREACHABLE_CODE = YES;
				CLANG_WARN__DUPLICATE_METHOD_MATCH = YES;
				CODE_SIGN_IDENTITY = "iPhone Developer";
				COPY_PHASE_STRIP = NO;
				DEBUG_INFORMATION_FORMAT = dwarf;
				ENABLE_STRICT_OBJC_MSGSEND = YES;
				ENABLE_TESTABILITY = YES;
				GCC_C_LANGUAGE_STANDARD = gnu11;
				GCC_DYNAMIC_NO_PIC = NO;
				GCC_NO_COMMON_BLOCKS = YES;
				GCC_OPTIMIZATION_LEVEL = 0;
				GCC_PREPROCESSOR_DEFINITIONS = (
					"DEBUG=1",
					"$(inherited)",
				);
				GCC_WARN_64_TO_32_BIT_CONVERSION = YES;
				GCC_WARN_ABOUT_RETURN_TYPE = YES_ERROR;
				GCC_WARN_UNDECLARED_SELECTOR = YES;
				GCC_WARN_UNINITIALIZED_AUTOS = YES_AGGRESSIVE;
				GCC_WARN_UNUSED_FUNCTION = YES;
				GCC_WARN_UNUSED_VARIABLE = YES;
				IPHONEOS_DEPLOYMENT_TARGET = 11.2;
				MTL_ENABLE_DEBUG_INFO = YES;
				ONLY_ACTIVE_ARCH = YES;
				SDKROOT = iphoneos;
			};
			name = Debug;
		};
		3FDBB5BB2015C8F500484FAC /* Release */ = {
			isa = XCBuildConfiguration;
			buildSettings = {
				ALWAYS_SEARCH_USER_PATHS = NO;
				CLANG_ANALYZER_NONNULL = YES;
				CLANG_ANALYZER_NUMBER_OBJECT_CONVERSION = YES_AGGRESSIVE;
				CLANG_CXX_LANGUAGE_STANDARD = "gnu++14";
				CLANG_CXX_LIBRARY = "libc++";
				CLANG_ENABLE_MODULES = YES;
				CLANG_ENABLE_OBJC_ARC = YES;
				CLANG_WARN_BLOCK_CAPTURE_AUTORELEASING = YES;
				CLANG_WARN_BOOL_CONVERSION = YES;
				CLANG_WARN_COMMA = YES;
				CLANG_WARN_CONSTANT_CONVERSION = YES;
				CLANG_WARN_DIRECT_OBJC_ISA_USAGE = YES_ERROR;
				CLANG_WARN_DOCUMENTATION_COMMENTS = YES;
				CLANG_WARN_EMPTY_BODY = YES;
				CLANG_WARN_ENUM_CONVERSION = YES;
				CLANG_WARN_INFINITE_RECURSION = YES;
				CLANG_WARN_INT_CONVERSION = YES;
				CLANG_WARN_NON_LITERAL_NULL_CONVERSION = YES;
				CLANG_WARN_OBJC_LITERAL_CONVERSION = YES;
				CLANG_WARN_OBJC_ROOT_CLASS = YES_ERROR;
				CLANG_WARN_RANGE_LOOP_ANALYSIS = YES;
				CLANG_WARN_STRICT_PROTOTYPES = YES;
				CLANG_WARN_SUSPICIOUS_MOVE = YES;
				CLANG_WARN_UNGUARDED_AVAILABILITY = YES_AGGRESSIVE;
				CLANG_WARN_UNREACHABLE_CODE = YES;
				CLANG_WARN__DUPLICATE_METHOD_MATCH = YES;
				CODE_SIGN_IDENTITY = "iPhone Developer";
				COPY_PHASE_STRIP = NO;
				DEBUG_INFORMATION_FORMAT = "dwarf-with-dsym";
				ENABLE_NS_ASSERTIONS = NO;
				ENABLE_STRICT_OBJC_MSGSEND = YES;
				GCC_C_LANGUAGE_STANDARD = gnu11;
				GCC_NO_COMMON_BLOCKS = YES;
				GCC_WARN_64_TO_32_BIT_CONVERSION = YES;
				GCC_WARN_ABOUT_RETURN_TYPE = YES_ERROR;
				GCC_WARN_UNDECLARED_SELECTOR = YES;
				GCC_WARN_UNINITIALIZED_AUTOS = YES_AGGRESSIVE;
				GCC_WARN_UNUSED_FUNCTION = YES;
				GCC_WARN_UNUSED_VARIABLE = YES;
				IPHONEOS_DEPLOYMENT_TARGET = 11.2;
				MTL_ENABLE_DEBUG_INFO = NO;
				SDKROOT = iphoneos;
				VALIDATE_PRODUCT = YES;
			};
			name = Release;
		};
		3FDBB5BD2015C8F500484FAC /* Debug */ = {
			isa = XCBuildConfiguration;
			buildSettings = {
				ASSETCATALOG_COMPILER_APPICON_NAME = AppIcon;
				CODE_SIGN_STYLE = Automatic;
				DEVELOPMENT_TEAM = WJZNC88QV4;
				INFOPLIST_FILE = ANYPlayer/Info.plist;
				LD_RUNPATH_SEARCH_PATHS = "$(inherited) @executable_path/Frameworks";
				PRODUCT_BUNDLE_IDENTIFIER = com.anyhong.ANYPlayer;
				PRODUCT_NAME = "$(TARGET_NAME)";
				TARGETED_DEVICE_FAMILY = "1,2";
			};
			name = Debug;
		};
		3FDBB5BE2015C8F500484FAC /* Release */ = {
			isa = XCBuildConfiguration;
			buildSettings = {
				ASSETCATALOG_COMPILER_APPICON_NAME = AppIcon;
				CODE_SIGN_STYLE = Automatic;
				DEVELOPMENT_TEAM = WJZNC88QV4;
				INFOPLIST_FILE = ANYPlayer/Info.plist;
				LD_RUNPATH_SEARCH_PATHS = "$(inherited) @executable_path/Frameworks";
				PRODUCT_BUNDLE_IDENTIFIER = com.anyhong.ANYPlayer;
				PRODUCT_NAME = "$(TARGET_NAME)";
				TARGETED_DEVICE_FAMILY = "1,2";
			};
			name = Release;
		};
/* End XCBuildConfiguration section */

/* Begin XCConfigurationList section */
		3FDBB5A12015C8F500484FAC /* Build configuration list for PBXProject "ANYPlayer" */ = {
			isa = XCConfigurationList;
			buildConfigurations = (
				3FDBB5BA2015C8F500484FAC /* Debug */,
				3FDBB5BB2015C8F500484FAC /* Release */,
			);
			defaultConfigurationIsVisible = 0;
			defaultConfigurationName = Release;
		};
		3FDBB5BC2015C8F500484FAC /* Build configuration list for PBXNativeTarget "ANYPlayer" */ = {
			isa = XCConfigurationList;
			buildConfigurations = (
				3FDBB5BD2015C8F500484FAC /* Debug */,
				3FDBB5BE2015C8F500484FAC /* Release */,
			);
			defaultConfigurationIsVisible = 0;
			defaultConfigurationName = Release;
		};
/* End XCConfigurationList section */
	};
	rootObject = 3FDBB59E2015C8F500484FAC /* Project object */;
}
